Microsoft Visual Studio Solution File, Format Version 12.00
# Visual Studio Version 16
VisualStudioVersion = 16.0.0.0
MinimumVisualStudioVersion = 16.0.0.0
Project("{9A19103F-16F7-4668-BE54-9A1E7A4F7556}") = "_BlazorHostedComplete.Server", "Server\_BlazorHostedComplete.Server.csproj", "{599DC32D-D94E-4505-ACF0-7AFCCA905E70}"
EndProject
Project("{9A19103F-16F7-4668-BE54-9A1E7A4F7556}") = "_BlazorHostedComplete.Client", "Client\_BlazorHostedComplete.Client.csproj", "{EE6617A3-E66E-4CCE-BF75-B0309F446A3F}"
EndProject
Project("{9A19103F-16F7-4668-BE54-9A1E7A4F7556}") = "_BlazorHostedComplete.Shared", "Shared\_BlazorHostedComplete.Shared.csproj", "{C515E095-9D5E-418C-AC1F-08B945A72207}"
EndProject
Project("{FAE04EC0-301F-11D3-BF4B-00C04F79EFBC}") = "_BlazorHostedComplete.ServiceLayer", "ServiceLayer\_BlazorHostedComplete.ServiceLayer.csproj", "{B63C738A-439B-40C1-A369-BF311F4A5FF2}"
EndProject
Project("{FAE04EC0-301F-11D3-BF4B-00C04F79EFBC}") = "_BlazorHostedComplete.Data", "Data\_BlazorHostedComplete.Data.csproj", "{5EE26E3C-8941-470D-B3FC-D8235BC58781}"
EndProject
Project("{2150E333-8FDC-42A3-9474-1A3956D46DE8}") = "Tests", "Tests", "{F9E80B8E-1ABE-4D09-927E-EDC932513E28}"
EndProject
Project("{FAE04EC0-301F-11D3-BF4B-00C04F79EFBC}") = "_BlazorHostedComplete.Tests.UI", "Tests\UI\_BlazorHostedComplete.Tests.UI.csproj", "{26E91199-48E1-4A9A-8F2F-98D67FD34695}"
EndProject
Project("{FAE04EC0-301F-11D3-BF4B-00C04F79EFBC}") = "_BlazorHostedComplete.Tests.Unit", "Tests\Unit\_BlazorHostedComplete.Tests.Unit.csproj", "{AF1D782D-8391-4E37-BFA1-E59F1A91D38E}"
EndProject
Project("{FAE04EC0-301F-11D3-BF4B-00C04F79EFBC}") = "_BlazorHostedComplete.Tests.Integration", "Tests\Integration\_BlazorHostedComplete.Tests.Integration.csproj", "{1C4960A9-3586-4AE2-8908-DE5C6F77644A}"
EndProject
Global
	GlobalSection(SolutionConfigurationPlatforms) = preSolution
		Debug|Any CPU = Debug|Any CPU
		Debug|x64 = Debug|x64
		Debug|x86 = Debug|x86
		Release|Any CPU = Release|Any CPU
		Release|x64 = Release|x64
		Release|x86 = Release|x86
	EndGlobalSection
	GlobalSection(ProjectConfigurationPlatforms) = postSolution
		{EE6617A3-E66E-4CCE-BF75-B0309F446A3F}.Debug|Any CPU.ActiveCfg = Debug|Any CPU
		{EE6617A3-E66E-4CCE-BF75-B0309F446A3F}.Debug|Any CPU.Build.0 = Debug|Any CPU
		{EE6617A3-E66E-4CCE-BF75-B0309F446A3F}.Debug|x64.ActiveCfg = Debug|Any CPU
		{EE6617A3-E66E-4CCE-BF75-B0309F446A3F}.Debug|x64.Build.0 = Debug|Any CPU
		{EE6617A3-E66E-4CCE-BF75-B0309F446A3F}.Debug|x86.ActiveCfg = Debug|Any CPU
		{EE6617A3-E66E-4CCE-BF75-B0309F446A3F}.Debug|x86.Build.0 = Debug|Any CPU
		{EE6617A3-E66E-4CCE-BF75-B0309F446A3F}.Release|Any CPU.ActiveCfg = Release|Any CPU
		{EE6617A3-E66E-4CCE-BF75-B0309F446A3F}.Release|Any CPU.Build.0 = Release|Any CPU
		{EE6617A3-E66E-4CCE-BF75-B0309F446A3F}.Release|x64.ActiveCfg = Release|Any CPU
		{EE6617A3-E66E-4CCE-BF75-B0309F446A3F}.Release|x64.Build.0 = Release|Any CPU
		{EE6617A3-E66E-4CCE-BF75-B0309F446A3F}.Release|x86.ActiveCfg = Release|Any CPU
		{EE6617A3-E66E-4CCE-BF75-B0309F446A3F}.Release|x86.Build.0 = Release|Any CPU
		{599DC32D-D94E-4505-ACF0-7AFCCA905E70}.Debug|Any CPU.ActiveCfg = Debug|Any CPU
		{599DC32D-D94E-4505-ACF0-7AFCCA905E70}.Debug|Any CPU.Build.0 = Debug|Any CPU
		{599DC32D-D94E-4505-ACF0-7AFCCA905E70}.Debug|x64.ActiveCfg = Debug|Any CPU
		{599DC32D-D94E-4505-ACF0-7AFCCA905E70}.Debug|x64.Build.0 = Debug|Any CPU
		{599DC32D-D94E-4505-ACF0-7AFCCA905E70}.Debug|x86.ActiveCfg = Debug|Any CPU
		{599DC32D-D94E-4505-ACF0-7AFCCA905E70}.Debug|x86.Build.0 = Debug|Any CPU
		{599DC32D-D94E-4505-ACF0-7AFCCA905E70}.Release|Any CPU.ActiveCfg = Release|Any CPU
		{599DC32D-D94E-4505-ACF0-7AFCCA905E70}.Release|Any CPU.Build.0 = Release|Any CPU
		{599DC32D-D94E-4505-ACF0-7AFCCA905E70}.Release|x64.ActiveCfg = Release|Any CPU
		{599DC32D-D94E-4505-ACF0-7AFCCA905E70}.Release|x64.Build.0 = Release|Any CPU
		{599DC32D-D94E-4505-ACF0-7AFCCA905E70}.Release|x86.ActiveCfg = Release|Any CPU
		{599DC32D-D94E-4505-ACF0-7AFCCA905E70}.Release|x86.Build.0 = Release|Any CPU
		{C515E095-9D5E-418C-AC1F-08B945A72207}.Debug|Any CPU.ActiveCfg = Debug|Any CPU
		{C515E095-9D5E-418C-AC1F-08B945A72207}.Debug|Any CPU.Build.0 = Debug|Any CPU
		{C515E095-9D5E-418C-AC1F-08B945A72207}.Debug|x64.ActiveCfg = Debug|Any CPU
		{C515E095-9D5E-418C-AC1F-08B945A72207}.Debug|x64.Build.0 = Debug|Any CPU
		{C515E095-9D5E-418C-AC1F-08B945A72207}.Debug|x86.ActiveCfg = Debug|Any CPU
		{C515E095-9D5E-418C-AC1F-08B945A72207}.Debug|x86.Build.0 = Debug|Any CPU
		{C515E095-9D5E-418C-AC1F-08B945A72207}.Release|Any CPU.ActiveCfg = Release|Any CPU
		{C515E095-9D5E-418C-AC1F-08B945A72207}.Release|Any CPU.Build.0 = Release|Any CPU
		{C515E095-9D5E-418C-AC1F-08B945A72207}.Release|x64.ActiveCfg = Release|Any CPU
		{C515E095-9D5E-418C-AC1F-08B945A72207}.Release|x64.Build.0 = Release|Any CPU
		{C515E095-9D5E-418C-AC1F-08B945A72207}.Release|x86.ActiveCfg = Release|Any CPU
		{C515E095-9D5E-418C-AC1F-08B945A72207}.Release|x86.Build.0 = Release|Any CPU
		{53898302-E41C-4CB7-B0C7-65595C9DED82}.Debug|Any CPU.ActiveCfg = Debug|Any CPU
		{53898302-E41C-4CB7-B0C7-65595C9DED82}.Debug|Any CPU.Build.0 = Debug|Any CPU
		{53898302-E41C-4CB7-B0C7-65595C9DED82}.Debug|x64.ActiveCfg = Debug|Any CPU
		{53898302-E41C-4CB7-B0C7-65595C9DED82}.Debug|x64.Build.0 = Debug|Any CPU
		{53898302-E41C-4CB7-B0C7-65595C9DED82}.Debug|x86.ActiveCfg = Debug|Any CPU
		{53898302-E41C-4CB7-B0C7-65595C9DED82}.Debug|x86.Build.0 = Debug|Any CPU
		{53898302-E41C-4CB7-B0C7-65595C9DED82}.Release|Any CPU.ActiveCfg = Release|Any CPU
		{53898302-E41C-4CB7-B0C7-65595C9DED82}.Release|Any CPU.Build.0 = Release|Any CPU
		{53898302-E41C-4CB7-B0C7-65595C9DED82}.Release|x64.ActiveCfg = Release|Any CPU
		{53898302-E41C-4CB7-B0C7-65595C9DED82}.Release|x64.Build.0 = Release|Any CPU
		{53898302-E41C-4CB7-B0C7-65595C9DED82}.Release|x86.ActiveCfg = Release|Any CPU
		{53898302-E41C-4CB7-B0C7-65595C9DED82}.Release|x86.Build.0 = Release|Any CPU
		{B63C738A-439B-40C1-A369-BF311F4A5FF2}.Debug|Any CPU.ActiveCfg = Debug|Any CPU
		{B63C738A-439B-40C1-A369-BF311F4A5FF2}.Debug|Any CPU.Build.0 = Debug|Any CPU
		{B63C738A-439B-40C1-A369-BF311F4A5FF2}.Debug|x64.ActiveCfg = Debug|Any CPU
		{B63C738A-439B-40C1-A369-BF311F4A5FF2}.Debug|x64.Build.0 = Debug|Any CPU
		{B63C738A-439B-40C1-A369-BF311F4A5FF2}.Debug|x86.ActiveCfg = Debug|Any CPU
		{B63C738A-439B-40C1-A369-BF311F4A5FF2}.Debug|x86.Build.0 = Debug|Any CPU
		{B63C738A-439B-40C1-A369-BF311F4A5FF2}.Release|Any CPU.ActiveCfg = Release|Any CPU
		{B63C738A-439B-40C1-A369-BF311F4A5FF2}.Release|Any CPU.Build.0 = Release|Any CPU
		{B63C738A-439B-40C1-A369-BF311F4A5FF2}.Release|x64.ActiveCfg = Release|Any CPU
		{B63C738A-439B-40C1-A369-BF311F4A5FF2}.Release|x64.Build.0 = Release|Any CPU
		{B63C738A-439B-40C1-A369-BF311F4A5FF2}.Release|x86.ActiveCfg = Release|Any CPU
		{B63C738A-439B-40C1-A369-BF311F4A5FF2}.Release|x86.Build.0 = Release|Any CPU
		{5EE26E3C-8941-470D-B3FC-D8235BC58781}.Debug|Any CPU.ActiveCfg = Debug|Any CPU
		{5EE26E3C-8941-470D-B3FC-D8235BC58781}.Debug|Any CPU.Build.0 = Debug|Any CPU
		{5EE26E3C-8941-470D-B3FC-D8235BC58781}.Debug|x64.ActiveCfg = Debug|Any CPU
		{5EE26E3C-8941-470D-B3FC-D8235BC58781}.Debug|x64.Build.0 = Debug|Any CPU
		{5EE26E3C-8941-470D-B3FC-D8235BC58781}.Debug|x86.ActiveCfg = Debug|Any CPU
		{5EE26E3C-8941-470D-B3FC-D8235BC58781}.Debug|x86.Build.0 = Debug|Any CPU
		{5EE26E3C-8941-470D-B3FC-D8235BC58781}.Release|Any CPU.ActiveCfg = Release|Any CPU
		{5EE26E3C-8941-470D-B3FC-D8235BC58781}.Release|Any CPU.Build.0 = Release|Any CPU
		{5EE26E3C-8941-470D-B3FC-D8235BC58781}.Release|x64.ActiveCfg = Release|Any CPU
		{5EE26E3C-8941-470D-B3FC-D8235BC58781}.Release|x64.Build.0 = Release|Any CPU
		{5EE26E3C-8941-470D-B3FC-D8235BC58781}.Release|x86.ActiveCfg = Release|Any CPU
		{5EE26E3C-8941-470D-B3FC-D8235BC58781}.Release|x86.Build.0 = Release|Any CPU
		{26E91199-48E1-4A9A-8F2F-98D67FD34695}.Debug|Any CPU.ActiveCfg = Debug|Any CPU
		{26E91199-48E1-4A9A-8F2F-98D67FD34695}.Debug|Any CPU.Build.0 = Debug|Any CPU
		{26E91199-48E1-4A9A-8F2F-98D67FD34695}.Debug|x64.ActiveCfg = Debug|Any CPU
		{26E91199-48E1-4A9A-8F2F-98D67FD34695}.Debug|x64.Build.0 = Debug|Any CPU
		{26E91199-48E1-4A9A-8F2F-98D67FD34695}.Debug|x86.ActiveCfg = Debug|Any CPU
		{26E91199-48E1-4A9A-8F2F-98D67FD34695}.Debug|x86.Build.0 = Debug|Any CPU
		{26E91199-48E1-4A9A-8F2F-98D67FD34695}.Release|Any CPU.ActiveCfg = Release|Any CPU
		{26E91199-48E1-4A9A-8F2F-98D67FD34695}.Release|Any CPU.Build.0 = Release|Any CPU
		{26E91199-48E1-4A9A-8F2F-98D67FD34695}.Release|x64.ActiveCfg = Release|Any CPU
		{26E91199-48E1-4A9A-8F2F-98D67FD34695}.Release|x64.Build.0 = Release|Any CPU
		{26E91199-48E1-4A9A-8F2F-98D67FD34695}.Release|x86.ActiveCfg = Release|Any CPU
		{26E91199-48E1-4A9A-8F2F-98D67FD34695}.Release|x86.Build.0 = Release|Any CPU
		{AF1D782D-8391-4E37-BFA1-E59F1A91D38E}.Debug|Any CPU.ActiveCfg = Debug|Any CPU
		{AF1D782D-8391-4E37-BFA1-E59F1A91D38E}.Debug|Any CPU.Build.0 = Debug|Any CPU
		{AF1D782D-8391-4E37-BFA1-E59F1A91D38E}.Debug|x64.ActiveCfg = Debug|Any CPU
		{AF1D782D-8391-4E37-BFA1-E59F1A91D38E}.Debug|x64.Build.0 = Debug|Any CPU
		{AF1D782D-8391-4E37-BFA1-E59F1A91D38E}.Debug|x86.ActiveCfg = Debug|Any CPU
		{AF1D782D-8391-4E37-BFA1-E59F1A91D38E}.Debug|x86.Build.0 = Debug|Any CPU
		{AF1D782D-8391-4E37-BFA1-E59F1A91D38E}.Release|Any CPU.ActiveCfg = Release|Any CPU
		{AF1D782D-8391-4E37-BFA1-E59F1A91D38E}.Release|Any CPU.Build.0 = Release|Any CPU
		{AF1D782D-8391-4E37-BFA1-E59F1A91D38E}.Release|x64.ActiveCfg = Release|Any CPU
		{AF1D782D-8391-4E37-BFA1-E59F1A91D38E}.Release|x64.Build.0 = Release|Any CPU
		{AF1D782D-8391-4E37-BFA1-E59F1A91D38E}.Release|x86.ActiveCfg = Release|Any CPU
		{AF1D782D-8391-4E37-BFA1-E59F1A91D38E}.Release|x86.Build.0 = Release|Any CPU
		{1C4960A9-3586-4AE2-8908-DE5C6F77644A}.Debug|Any CPU.ActiveCfg = Debug|Any CPU
		{1C4960A9-3586-4AE2-8908-DE5C6F77644A}.Debug|Any CPU.Build.0 = Debug|Any CPU
		{1C4960A9-3586-4AE2-8908-DE5C6F77644A}.Debug|x64.ActiveCfg = Debug|Any CPU
		{1C4960A9-3586-4AE2-8908-DE5C6F77644A}.Debug|x64.Build.0 = Debug|Any CPU
		{1C4960A9-3586-4AE2-8908-DE5C6F77644A}.Debug|x86.ActiveCfg = Debug|Any CPU
		{1C4960A9-3586-4AE2-8908-DE5C6F77644A}.Debug|x86.Build.0 = Debug|Any CPU
		{1C4960A9-3586-4AE2-8908-DE5C6F77644A}.Release|Any CPU.ActiveCfg = Release|Any CPU
		{1C4960A9-3586-4AE2-8908-DE5C6F77644A}.Release|Any CPU.Build.0 = Release|Any CPU
		{1C4960A9-3586-4AE2-8908-DE5C6F77644A}.Release|x64.ActiveCfg = Release|Any CPU
		{1C4960A9-3586-4AE2-8908-DE5C6F77644A}.Release|x64.Build.0 = Release|Any CPU
		{1C4960A9-3586-4AE2-8908-DE5C6F77644A}.Release|x86.ActiveCfg = Release|Any CPU
		{1C4960A9-3586-4AE2-8908-DE5C6F77644A}.Release|x86.Build.0 = Release|Any CPU
	EndGlobalSection
	GlobalSection(SolutionProperties) = preSolution
		HideSolutionNode = FALSE
	EndGlobalSection
	GlobalSection(ExtensibilityGlobals) = postSolution
		SolutionGuid = {3CD7F4AC-0959-4F9B-8EB7-4B4A6FA04AC1}
	EndGlobalSection
	GlobalSection(NestedProjects) = preSolution
		{26E91199-48E1-4A9A-8F2F-98D67FD34695} = {F9E80B8E-1ABE-4D09-927E-EDC932513E28}
		{AF1D782D-8391-4E37-BFA1-E59F1A91D38E} = {F9E80B8E-1ABE-4D09-927E-EDC932513E28}
		{1C4960A9-3586-4AE2-8908-DE5C6F77644A} = {F9E80B8E-1ABE-4D09-927E-EDC932513E28}
	EndGlobalSection
EndGlobal
